// !$*UTF8*$!
{
	archiveVersion = 1;
	classes = {
	};
	objectVersion = 55;
	objects = {

/* Begin PBXBuildFile section */
		C710D88D287A1C8700B78E38 /* Questions.swift in Sources */ = {isa = PBXBuildFile; fileRef = C710D88C287A1C8700B78E38 /* Questions.swift */; };
		C710D88F287A205400B78E38 /* ChoiceTextView.swift in Sources */ = {isa = PBXBuildFile; fileRef = C710D88E287A205400B78E38 /* ChoiceTextView.swift */; };
		C7323CCE2874D67500DC3CB0 /* PopTriviaApp.swift in Sources */ = {isa = PBXBuildFile; fileRef = C7323CCD2874D67500DC3CB0 /* PopTriviaApp.swift */; };
		C7323CD02874D67500DC3CB0 /* GameView.swift in Sources */ = {isa = PBXBuildFile; fileRef = C7323CCF2874D67500DC3CB0 /* GameView.swift */; };
		C7323CD22874D67700DC3CB0 /* Assets.xcassets in Resources */ = {isa = PBXBuildFile; fileRef = C7323CD12874D67700DC3CB0 /* Assets.xcassets */; };
		C7323CD52874D67700DC3CB0 /* Preview Assets.xcassets in Resources */ = {isa = PBXBuildFile; fileRef = C7323CD42874D67700DC3CB0 /* Preview Assets.xcassets */; };
		C73E5C4A2881AE4D008010C1 /* GameViewModel.swift in Sources */ = {isa = PBXBuildFile; fileRef = C73E5C492881AE4D008010C1 /* GameViewModel.swift */; };
		C73E5C4C2881BF77008010C1 /* QuestionView.swift in Sources */ = {isa = PBXBuildFile; fileRef = C73E5C4B2881BF77008010C1 /* QuestionView.swift */; };
		C73E5C4E2881E341008010C1 /* BottomTextView.swift in Sources */ = {isa = PBXBuildFile; fileRef = C73E5C4D2881E341008010C1 /* BottomTextView.swift */; };
		C75C069E288206BD00199040 /* ScoreView.swift in Sources */ = {isa = PBXBuildFile; fileRef = C75C069D288206BD00199040 /* ScoreView.swift */; };
		C75C06A02882071C00199040 /* ScoreViewModel.swift in Sources */ = {isa = PBXBuildFile; fileRef = C75C069F2882071C00199040 /* ScoreViewModel.swift */; };
		C78D3E2E287F76C1000003FD /* WelcomeView.swift in Sources */ = {isa = PBXBuildFile; fileRef = C78D3E2D287F76C1000003FD /* WelcomeView.swift */; };
		C7BC9957287DFC640085FEFD /* Game.swift in Sources */ = {isa = PBXBuildFile; fileRef = C7BC9956287DFC640085FEFD /* Game.swift */; };
/* End PBXBuildFile section */

/* Begin PBXFileReference section */
		C710D88C287A1C8700B78E38 /* Questions.swift */ = {isa = PBXFileReference; lastKnownFileType = sourcecode.swift; path = Questions.swift; sourceTree = "<group>"; };
		C710D88E287A205400B78E38 /* ChoiceTextView.swift */ = {isa = PBXFileReference; lastKnownFileType = sourcecode.swift; path = ChoiceTextView.swift; sourceTree = "<group>"; };
		C7323CCA2874D67500DC3CB0 /* PopTrivia.app */ = {isa = PBXFileReference; explicitFileType = wrapper.application; includeInIndex = 0; path = PopTrivia.app; sourceTree = BUILT_PRODUCTS_DIR; };
		C7323CCD2874D67500DC3CB0 /* PopTriviaApp.swift */ = {isa = PBXFileReference; lastKnownFileType = sourcecode.swift; path = PopTriviaApp.swift; sourceTree = "<group>"; };
		C7323CCF2874D67500DC3CB0 /* GameView.swift */ = {isa = PBXFileReference; lastKnownFileType = sourcecode.swift; path = GameView.swift; sourceTree = "<group>"; };
		C7323CD12874D67700DC3CB0 /* Assets.xcassets */ = {isa = PBXFileReference; lastKnownFileType = folder.assetcatalog; path = Assets.xcassets; sourceTree = "<group>"; };
		C7323CD42874D67700DC3CB0 /* Preview Assets.xcassets */ = {isa = PBXFileReference; lastKnownFileType = folder.assetcatalog; path = "Preview Assets.xcassets"; sourceTree = "<group>"; };
		C73E5C492881AE4D008010C1 /* GameViewModel.swift */ = {isa = PBXFileReference; lastKnownFileType = sourcecode.swift; path = GameViewModel.swift; sourceTree = "<group>"; };
		C73E5C4B2881BF77008010C1 /* QuestionView.swift */ = {isa = PBXFileReference; lastKnownFileType = sourcecode.swift; path = QuestionView.swift; sourceTree = "<group>"; };
		C73E5C4D2881E341008010C1 /* BottomTextView.swift */ = {isa = PBXFileReference; lastKnownFileType = sourcecode.swift; path = BottomTextView.swift; sourceTree = "<group>"; };
		C75C069D288206BD00199040 /* ScoreView.swift */ = {isa = PBXFileReference; lastKnownFileType = sourcecode.swift; path = ScoreView.swift; sourceTree = "<group>"; };
		C75C069F2882071C00199040 /* ScoreViewModel.swift */ = {isa = PBXFileReference; lastKnownFileType = sourcecode.swift; path = ScoreViewModel.swift; sourceTree = "<group>"; };
		C78D3E2D287F76C1000003FD /* WelcomeView.swift */ = {isa = PBXFileReference; lastKnownFileType = sourcecode.swift; path = WelcomeView.swift; sourceTree = "<group>"; };
		C7BC9956287DFC640085FEFD /* Game.swift */ = {isa = PBXFileReference; lastKnownFileType = sourcecode.swift; path = Game.swift; sourceTree = "<group>"; };
/* End PBXFileReference section */

/* Begin PBXFrameworksBuildPhase section */
		C7323CC72874D67500DC3CB0 /* Frameworks */ = {
			isa = PBXFrameworksBuildPhase;
			buildActionMask = 2147483647;
			files = (
			);
			runOnlyForDeploymentPostprocessing = 0;
		};
/* End PBXFrameworksBuildPhase section */

/* Begin PBXGroup section */
		C7323CC12874D67500DC3CB0 = {
			isa = PBXGroup;
			children = (
				C7323CCC2874D67500DC3CB0 /* PopTrivia */,
				C7323CCB2874D67500DC3CB0 /* Products */,
			);
			sourceTree = "<group>";
		};
		C7323CCB2874D67500DC3CB0 /* Products */ = {
			isa = PBXGroup;
			children = (
				C7323CCA2874D67500DC3CB0 /* PopTrivia.app */,
			);
			name = Products;
			sourceTree = "<group>";
		};
		C7323CCC2874D67500DC3CB0 /* PopTrivia */ = {
			isa = PBXGroup;
			children = (
				C7BC9959287DFCA70085FEFD /* Views */,
				C73E5C442881ADAB008010C1 /* ViewModels */,
				C7BC9958287DFC970085FEFD /* Models */,
				C7323CCD2874D67500DC3CB0 /* PopTriviaApp.swift */,
				C7323CD12874D67700DC3CB0 /* Assets.xcassets */,
				C7323CD32874D67700DC3CB0 /* Preview Content */,
			);
			path = PopTrivia;
			sourceTree = "<group>";
		};
		C7323CD32874D67700DC3CB0 /* Preview Content */ = {
			isa = PBXGroup;
			children = (
				C7323CD42874D67700DC3CB0 /* Preview Assets.xcassets */,
			);
			path = "Preview Content";
			sourceTree = "<group>";
		};
		C73E5C442881ADAB008010C1 /* ViewModels */ = {
			isa = PBXGroup;
			children = (
				C73E5C492881AE4D008010C1 /* GameViewModel.swift */,
				C75C069F2882071C00199040 /* ScoreViewModel.swift */,
			);
			path = ViewModels;
			sourceTree = "<group>";
		};
		C7BC9958287DFC970085FEFD /* Models */ = {
			isa = PBXGroup;
			children = (
				C7BC9956287DFC640085FEFD /* Game.swift */,
				C710D88C287A1C8700B78E38 /* Questions.swift */,
			);
			path = Models;
			sourceTree = "<group>";
		};
		C7BC9959287DFCA70085FEFD /* Views */ = {
			isa = PBXGroup;
			children = (
				C78D3E2D287F76C1000003FD /* WelcomeView.swift */,
				C7323CCF2874D67500DC3CB0 /* GameView.swift */,
				C73E5C4B2881BF77008010C1 /* QuestionView.swift */,
				C710D88E287A205400B78E38 /* ChoiceTextView.swift */,
				C73E5C4D2881E341008010C1 /* BottomTextView.swift */,
				C75C069D288206BD00199040 /* ScoreView.swift */,
			);
			path = Views;
			sourceTree = "<group>";
		};
/* End PBXGroup section */

/* Begin PBXNativeTarget section */
		C7323CC92874D67500DC3CB0 /* PopTrivia */ = {
			isa = PBXNativeTarget;
			buildConfigurationList = C7323CD82874D67700DC3CB0 /* Build configuration list for PBXNativeTarget "PopTrivia" */;
			buildPhases = (
				C7323CC62874D67500DC3CB0 /* Sources */,
				C7323CC72874D67500DC3CB0 /* Frameworks */,
				C7323CC82874D67500DC3CB0 /* Resources */,
			);
			buildRules = (
			);
			dependencies = (
			);
			name = PopTrivia;
			productName = PopTrivia;
			productReference = C7323CCA2874D67500DC3CB0 /* PopTrivia.app */;
			productType = "com.apple.product-type.application";
		};
/* End PBXNativeTarget section */

/* Begin PBXProject section */
		C7323CC22874D67500DC3CB0 /* Project object */ = {
			isa = PBXProject;
			attributes = {
				BuildIndependentTargetsInParallel = 1;
				LastSwiftUpdateCheck = 1340;
				LastUpgradeCheck = 1340;
				TargetAttributes = {
					C7323CC92874D67500DC3CB0 = {
						CreatedOnToolsVersion = 13.4.1;
					};
				};
			};
			buildConfigurationList = C7323CC52874D67500DC3CB0 /* Build configuration list for PBXProject "PopTrivia" */;
			compatibilityVersion = "Xcode 13.0";
			developmentRegion = en;
			hasScannedForEncodings = 0;
			knownRegions = (
				en,
				Base,
			);
			mainGroup = C7323CC12874D67500DC3CB0;
			productRefGroup = C7323CCB2874D67500DC3CB0 /* Products */;
			projectDirPath = "";
			projectRoot = "";
			targets = (
				C7323CC92874D67500DC3CB0 /* PopTrivia */,
			);
		};
/* End PBXProject section */

/* Begin PBXResourcesBuildPhase section */
		C7323CC82874D67500DC3CB0 /* Resources */ = {
			isa = PBXResourcesBuildPhase;
			buildActionMask = 2147483647;
			files = (
				C7323CD52874D67700DC3CB0 /* Preview Assets.xcassets in Resources */,
				C7323CD22874D67700DC3CB0 /* Assets.xcassets in Resources */,
			);
			runOnlyForDeploymentPostprocessing = 0;
		};
/* End PBXResourcesBuildPhase section */

/* Begin PBXSourcesBuildPhase section */
		C7323CC62874D67500DC3CB0 /* Sources */ = {
			isa = PBXSourcesBuildPhase;
			buildActionMask = 2147483647;
			files = (
				C75C06A02882071C00199040 /* ScoreViewModel.swift in Sources */,
				C73E5C4C2881BF77008010C1 /* QuestionView.swift in Sources */,
				C710D88D287A1C8700B78E38 /* Questions.swift in Sources */,
				C78D3E2E287F76C1000003FD /* WelcomeView.swift in Sources */,
				C73E5C4E2881E341008010C1 /* BottomTextView.swift in Sources */,
				C7BC9957287DFC640085FEFD /* Game.swift in Sources */,
				C7323CD02874D67500DC3CB0 /* GameView.swift in Sources */,
				C710D88F287A205400B78E38 /* ChoiceTextView.swift in Sources */,
				C7323CCE2874D67500DC3CB0 /* PopTriviaApp.swift in Sources */,
				C73E5C4A2881AE4D008010C1 /* GameViewModel.swift in Sources */,
				C75C069E288206BD00199040 /* ScoreView.swift in Sources */,
			);
			runOnlyForDeploymentPostprocessing = 0;
		};
/* End PBXSourcesBuildPhase section */

/* Begin XCBuildConfiguration section */
		C7323CD62874D67700DC3CB0 /* Debug */ = {
			isa = XCBuildConfiguration;
			buildSettings = {
				ALWAYS_SEARCH_USER_PATHS = NO;
				CLANG_ANALYZER_NONNULL = YES;
				CLANG_ANALYZER_NUMBER_OBJECT_CONVERSION = YES_AGGRESSIVE;
				CLANG_CXX_LANGUAGE_STANDARD = "gnu++17";
				CLANG_ENABLE_MODULES = YES;
				CLANG_ENABLE_OBJC_ARC = YES;
				CLANG_ENABLE_OBJC_WEAK = YES;
				CLANG_WARN_BLOCK_CAPTURE_AUTORELEASING = YES;
				CLANG_WARN_BOOL_CONVERSION = YES;
				CLANG_WARN_COMMA = YES;
				CLANG_WARN_CONSTANT_CONVERSION = YES;
				CLANG_WARN_DEPRECATED_OBJC_IMPLEMENTATIONS = YES;
				CLANG_WARN_DIRECT_OBJC_ISA_USAGE = YES_ERROR;
				CLANG_WARN_DOCUMENTATION_COMMENTS = YES;
				CLANG_WARN_EMPTY_BODY = YES;
				CLANG_WARN_ENUM_CONVERSION = YES;
				CLANG_WARN_INFINITE_RECURSION = YES;
				CLANG_WARN_INT_CONVERSION = YES;
				CLANG_WARN_NON_LITERAL_NULL_CONVERSION = YES;
				CLANG_WARN_OBJC_IMPLICIT_RETAIN_SELF = YES;
				CLANG_WARN_OBJC_LITERAL_CONVERSION = YES;
				CLANG_WARN_OBJC_ROOT_CLASS = YES_ERROR;
				CLANG_WARN_QUOTED_INCLUDE_IN_FRAMEWORK_HEADER = YES;
				CLANG_WARN_RANGE_LOOP_ANALYSIS = YES;
				CLANG_WARN_STRICT_PROTOTYPES = YES;
				CLANG_WARN_SUSPICIOUS_MOVE = YES;
				CLANG_WARN_UNGUARDED_AVAILABILITY = YES_AGGRESSIVE;
				CLANG_WARN_UNREACHABLE_CODE = YES;
				CLANG_WARN__DUPLICATE_METHOD_MATCH = YES;
				COPY_PHASE_STRIP = NO;
				DEBUG_INFORMATION_FORMAT = dwarf;
				ENABLE_STRICT_OBJC_MSGSEND = YES;
				ENABLE_TESTABILITY = YES;
				GCC_C_LANGUAGE_STANDARD = gnu11;
				GCC_DYNAMIC_NO_PIC = NO;
				GCC_NO_COMMON_BLOCKS = YES;
				GCC_OPTIMIZATION_LEVEL = 0;
				GCC_PREPROCESSOR_DEFINITIONS = (
					"DEBUG=1",
					"$(inherited)",
				);
				GCC_WARN_64_TO_32_BIT_CONVERSION = YES;
				GCC_WARN_ABOUT_RETURN_TYPE = YES_ERROR;
				GCC_WARN_UNDECLARED_SELECTOR = YES;
				GCC_WARN_UNINITIALIZED_AUTOS = YES_AGGRESSIVE;
				GCC_WARN_UNUSED_FUNCTION = YES;
				GCC_WARN_UNUSED_VARIABLE = YES;
				IPHONEOS_DEPLOYMENT_TARGET = 15.5;
				MTL_ENABLE_DEBUG_INFO = INCLUDE_SOURCE;
				MTL_FAST_MATH = YES;
				ONLY_ACTIVE_ARCH = YES;
				SDKROOT = iphoneos;
				SWIFT_ACTIVE_COMPILATION_CONDITIONS = DEBUG;
				SWIFT_OPTIMIZATION_LEVEL = "-Onone";
			};
			name = Debug;
		};
		C7323CD72874D67700DC3CB0 /* Release */ = {
			isa = XCBuildConfiguration;
			buildSettings = {
				ALWAYS_SEARCH_USER_PATHS = NO;
				CLANG_ANALYZER_NONNULL = YES;
				CLANG_ANALYZER_NUMBER_OBJECT_CONVERSION = YES_AGGRESSIVE;
				CLANG_CXX_LANGUAGE_STANDARD = "gnu++17";
				CLANG_ENABLE_MODULES = YES;
				CLANG_ENABLE_OBJC_ARC = YES;
				CLANG_ENABLE_OBJC_WEAK = YES;
				CLANG_WARN_BLOCK_CAPTURE_AUTORELEASING = YES;
				CLANG_WARN_BOOL_CONVERSION = YES;
				CLANG_WARN_COMMA = YES;
				CLANG_WARN_CONSTANT_CONVERSION = YES;
				CLANG_WARN_DEPRECATED_OBJC_IMPLEMENTATIONS = YES;
				CLANG_WARN_DIRECT_OBJC_ISA_USAGE = YES_ERROR;
				CLANG_WARN_DOCUMENTATION_COMMENTS = YES;
				CLANG_WARN_EMPTY_BODY = YES;
				CLANG_WARN_ENUM_CONVERSION = YES;
				CLANG_WARN_INFINITE_RECURSION = YES;
				CLANG_WARN_INT_CONVERSION = YES;
				CLANG_WARN_NON_LITERAL_NULL_CONVERSION = YES;
				CLANG_WARN_OBJC_IMPLICIT_RETAIN_SELF = YES;
				CLANG_WARN_OBJC_LITERAL_CONVERSION = YES;
				CLANG_WARN_OBJC_ROOT_CLASS = YES_ERROR;
				CLANG_WARN_QUOTED_INCLUDE_IN_FRAMEWORK_HEADER = YES;
				CLANG_WARN_RANGE_LOOP_ANALYSIS = YES;
				CLANG_WARN_STRICT_PROTOTYPES = YES;
				CLANG_WARN_SUSPICIOUS_MOVE = YES;
				CLANG_WARN_UNGUARDED_AVAILABILITY = YES_AGGRESSIVE;
				CLANG_WARN_UNREACHABLE_CODE = YES;
				CLANG_WARN__DUPLICATE_METHOD_MATCH = YES;
				COPY_PHASE_STRIP = NO;
				DEBUG_INFORMATION_FORMAT = "dwarf-with-dsym";
				ENABLE_NS_ASSERTIONS = NO;
				ENABLE_STRICT_OBJC_MSGSEND = YES;
				GCC_C_LANGUAGE_STANDARD = gnu11;
				GCC_NO_COMMON_BLOCKS = YES;
				GCC_WARN_64_TO_32_BIT_CONVERSION = YES;
				GCC_WARN_ABOUT_RETURN_TYPE = YES_ERROR;
				GCC_WARN_UNDECLARED_SELECTOR = YES;
				GCC_WARN_UNINITIALIZED_AUTOS = YES_AGGRESSIVE;
				GCC_WARN_UNUSED_FUNCTION = YES;
				GCC_WARN_UNUSED_VARIABLE = YES;
				IPHONEOS_DEPLOYMENT_TARGET = 15.5;
				MTL_ENABLE_DEBUG_INFO = NO;
				MTL_FAST_MATH = YES;
				SDKROOT = iphoneos;
				SWIFT_COMPILATION_MODE = wholemodule;
				SWIFT_OPTIMIZATION_LEVEL = "-O";
				VALIDATE_PRODUCT = YES;
			};
			name = Release;
		};
		C7323CD92874D67700DC3CB0 /* Debug */ = {
			isa = XCBuildConfiguration;
			buildSettings = {
				ASSETCATALOG_COMPILER_APPICON_NAME = AppIcon;
				ASSETCATALOG_COMPILER_GLOBAL_ACCENT_COLOR_NAME = AccentColor;
				CODE_SIGN_STYLE = Automatic;
				CURRENT_PROJECT_VERSION = 1;
				DEVELOPMENT_ASSET_PATHS = "\"PopTrivia/Preview Content\"";
				DEVELOPMENT_TEAM = S6R55N8Z8S;
				ENABLE_PREVIEWS = YES;
				GENERATE_INFOPLIST_FILE = YES;
				INFOPLIST_KEY_UIApplicationSceneManifest_Generation = YES;
				INFOPLIST_KEY_UIApplicationSupportsIndirectInputEvents = YES;
				INFOPLIST_KEY_UILaunchScreen_Generation = YES;
				INFOPLIST_KEY_UISupportedInterfaceOrientations_iPad = "UIInterfaceOrientationPortrait UIInterfaceOrientationPortraitUpsideDown UIInterfaceOrientationLandscapeLeft UIInterfaceOrientationLandscapeRight";
				INFOPLIST_KEY_UISupportedInterfaceOrientations_iPhone = "UIInterfaceOrientationPortrait UIInterfaceOrientationLandscapeLeft UIInterfaceOrientationLandscapeRight";
				LD_RUNPATH_SEARCH_PATHS = (
					"$(inherited)",
					"@executable_path/Frameworks",
				);
				MARKETING_VERSION = 1.0;
				PRODUCT_BUNDLE_IDENTIFIER = com.karteikaydhuper.PopTrivia;
				PRODUCT_NAME = "$(TARGET_NAME)";
				SWIFT_EMIT_LOC_STRINGS = YES;
				SWIFT_VERSION = 5.0;
				TARGETED_DEVICE_FAMILY = "1,2";
			};
			name = Debug;
		};
		C7323CDA2874D67700DC3CB0 /* Release */ = {
			isa = XCBuildConfiguration;
			buildSettings = {
				ASSETCATALOG_COMPILER_APPICON_NAME = AppIcon;
				ASSETCATALOG_COMPILER_GLOBAL_ACCENT_COLOR_NAME = AccentColor;
				CODE_SIGN_STYLE = Automatic;
				CURRENT_PROJECT_VERSION = 1;
				DEVELOPMENT_ASSET_PATHS = "\"PopTrivia/Preview Content\"";
				DEVELOPMENT_TEAM = S6R55N8Z8S;
				ENABLE_PREVIEWS = YES;
				GENERATE_INFOPLIST_FILE = YES;
				INFOPLIST_KEY_UIApplicationSceneManifest_Generation = YES;
				INFOPLIST_KEY_UIApplicationSupportsIndirectInputEvents = YES;
				INFOPLIST_KEY_UILaunchScreen_Generation = YES;
				INFOPLIST_KEY_UISupportedInterfaceOrientations_iPad = "UIInterfaceOrientationPortrait UIInterfaceOrientationPortraitUpsideDown UIInterfaceOrientationLandscapeLeft UIInterfaceOrientationLandscapeRight";
				INFOPLIST_KEY_UISupportedInterfaceOrientations_iPhone = "UIInterfaceOrientationPortrait UIInterfaceOrientationLandscapeLeft UIInterfaceOrientationLandscapeRight";
				LD_RUNPATH_SEARCH_PATHS = (
					"$(inherited)",
					"@executable_path/Frameworks",
				);
				MARKETING_VERSION = 1.0;
				PRODUCT_BUNDLE_IDENTIFIER = com.karteikaydhuper.PopTrivia;
				PRODUCT_NAME = "$(TARGET_NAME)";
				SWIFT_EMIT_LOC_STRINGS = YES;
				SWIFT_VERSION = 5.0;
				TARGETED_DEVICE_FAMILY = "1,2";
			};
			name = Release;
		};
/* End XCBuildConfiguration section */

/* Begin XCConfigurationList section */
		C7323CC52874D67500DC3CB0 /* Build configuration list for PBXProject "PopTrivia" */ = {
			isa = XCConfigurationList;
			buildConfigurations = (
				C7323CD62874D67700DC3CB0 /* Debug */,
				C7323CD72874D67700DC3CB0 /* Release */,
			);
			defaultConfigurationIsVisible = 0;
			defaultConfigurationName = Release;
		};
		C7323CD82874D67700DC3CB0 /* Build configuration list for PBXNativeTarget "PopTrivia" */ = {
			isa = XCConfigurationList;
			buildConfigurations = (
				C7323CD92874D67700DC3CB0 /* Debug */,
				C7323CDA2874D67700DC3CB0 /* Release */,
			);
			defaultConfigurationIsVisible = 0;
			defaultConfigurationName = Release;
		};
/* End XCConfigurationList section */
	};
	rootObject = C7323CC22874D67500DC3CB0 /* Project object */;
}
